
Microsoft Visual Studio Solution File, Format Version 12.00
# Visual Studio Version 17
VisualStudioVersion = 17.4.33403.182
MinimumVisualStudioVersion = 10.0.40219.1
Project("{FAE04EC0-301F-11D3-BF4B-00C04F79EFBC}") = "Lab1_buoi1", "Lab1_buoi1\Lab1_buoi1.csproj", "{D9B3E580-36E1-4456-8CD1-85F2EBCB2E4B}"
EndProject
Global
	GlobalSection(SolutionConfigurationPlatforms) = preSolution
		Debug|Any CPU = Debug|Any CPU
		Release|Any CPU = Release|Any CPU
	EndGlobalSection
	GlobalSection(ProjectConfigurationPlatforms) = postSolution
		{D9B3E580-36E1-4456-8CD1-85F2EBCB2E4B}.Debug|Any CPU.ActiveCfg = Debug|Any CPU
		{D9B3E580-36E1-4456-8CD1-85F2EBCB2E4B}.Debug|Any CPU.Build.0 = Debug|Any CPU
		{D9B3E580-36E1-4456-8CD1-85F2EBCB2E4B}.Release|Any CPU.ActiveCfg = Release|Any CPU
		{D9B3E580-36E1-4456-8CD1-85F2EBCB2E4B}.Release|Any CPU.Build.0 = Release|Any CPU
	EndGlobalSection
	GlobalSection(SolutionProperties) = preSolution
		HideSolutionNode = FALSE
	EndGlobalSection
	GlobalSection(ExtensibilityGlobals) = postSolution
		SolutionGuid = {807AD3C5-8B54-4152-A8C9-642ACF246937}
	EndGlobalSection
EndGlobal
